
Microsoft Visual Studio Solution File, Format Version 12.00
# Visual Studio 15
VisualStudioVersion = 15.0.27703.2047
MinimumVisualStudioVersion = 10.0.40219.1
Project("{9A19103F-16F7-4668-BE54-9A1E7A4F7556}") = "Domotique", "Domotique\Domotique.csproj", "{7F2A6C99-07BF-4079-9F15-8E192BB57257}"
EndProject
Project("{9A19103F-16F7-4668-BE54-9A1E7A4F7556}") = "Messages", "Messages\Messages.csproj", "{E9E3D262-4ACD-4775-B857-C113CCEF28B8}"
EndProject
Project("{9A19103F-16F7-4668-BE54-9A1E7A4F7556}") = "PLCBus", "PLCBus\PLCBus.csproj", "{168F5594-5706-4173-BF0B-6B9D19CFFAE7}"
	ProjectSection(ProjectDependencies) = postProject
		{E9E3D262-4ACD-4775-B857-C113CCEF28B8} = {E9E3D262-4ACD-4775-B857-C113CCEF28B8}
	EndProjectSection
EndProject
Project("{9A19103F-16F7-4668-BE54-9A1E7A4F7556}") = "ZWave", "ZWave\ZWave.csproj", "{8F34D2B6-558A-4D85-8980-46823712866B}"
EndProject
Project("{888888A0-9F3D-457C-B088-3A5042F75D52}") = "ZWave_Python", "ZWave_Python\ZWave_Python.pyproj", "{9C287CAE-8321-416E-81FB-AB08B44B4512}"
EndProject
Project("{888888A0-9F3D-457C-B088-3A5042F75D52}") = "Temperature", "Temperature\Temperature.pyproj", "{BD208350-3A78-4AC3-B04B-997F28118725}"
EndProject
Global
	GlobalSection(SolutionConfigurationPlatforms) = preSolution
		Debug|Any CPU = Debug|Any CPU
		Release|Any CPU = Release|Any CPU
	EndGlobalSection
	GlobalSection(ProjectConfigurationPlatforms) = postSolution
		{7F2A6C99-07BF-4079-9F15-8E192BB57257}.Debug|Any CPU.ActiveCfg = Debug|Any CPU
		{7F2A6C99-07BF-4079-9F15-8E192BB57257}.Debug|Any CPU.Build.0 = Debug|Any CPU
		{7F2A6C99-07BF-4079-9F15-8E192BB57257}.Release|Any CPU.ActiveCfg = Release|Any CPU
		{7F2A6C99-07BF-4079-9F15-8E192BB57257}.Release|Any CPU.Build.0 = Release|Any CPU
		{E9E3D262-4ACD-4775-B857-C113CCEF28B8}.Debug|Any CPU.ActiveCfg = Debug|Any CPU
		{E9E3D262-4ACD-4775-B857-C113CCEF28B8}.Debug|Any CPU.Build.0 = Debug|Any CPU
		{E9E3D262-4ACD-4775-B857-C113CCEF28B8}.Release|Any CPU.ActiveCfg = Release|Any CPU
		{E9E3D262-4ACD-4775-B857-C113CCEF28B8}.Release|Any CPU.Build.0 = Release|Any CPU
		{168F5594-5706-4173-BF0B-6B9D19CFFAE7}.Debug|Any CPU.ActiveCfg = Debug|Any CPU
		{168F5594-5706-4173-BF0B-6B9D19CFFAE7}.Debug|Any CPU.Build.0 = Debug|Any CPU
		{168F5594-5706-4173-BF0B-6B9D19CFFAE7}.Release|Any CPU.ActiveCfg = Release|Any CPU
		{168F5594-5706-4173-BF0B-6B9D19CFFAE7}.Release|Any CPU.Build.0 = Release|Any CPU
		{8F34D2B6-558A-4D85-8980-46823712866B}.Debug|Any CPU.ActiveCfg = Debug|Any CPU
		{8F34D2B6-558A-4D85-8980-46823712866B}.Debug|Any CPU.Build.0 = Debug|Any CPU
		{8F34D2B6-558A-4D85-8980-46823712866B}.Release|Any CPU.ActiveCfg = Release|Any CPU
		{8F34D2B6-558A-4D85-8980-46823712866B}.Release|Any CPU.Build.0 = Release|Any CPU
		{9C287CAE-8321-416E-81FB-AB08B44B4512}.Debug|Any CPU.ActiveCfg = Debug|Any CPU
		{9C287CAE-8321-416E-81FB-AB08B44B4512}.Release|Any CPU.ActiveCfg = Release|Any CPU
		{BD208350-3A78-4AC3-B04B-997F28118725}.Debug|Any CPU.ActiveCfg = Debug|Any CPU
		{BD208350-3A78-4AC3-B04B-997F28118725}.Release|Any CPU.ActiveCfg = Release|Any CPU
	EndGlobalSection
	GlobalSection(SolutionProperties) = preSolution
		HideSolutionNode = FALSE
	EndGlobalSection
	GlobalSection(ExtensibilityGlobals) = postSolution
		SolutionGuid = {908343FD-A623-4C12-B5E6-9CDA069965C2}
	EndGlobalSection
EndGlobal
